
Microsoft Visual Studio Solution File, Format Version 12.00
# Visual Studio 15
VisualStudioVersion = 15.0.28307.106
MinimumVisualStudioVersion = 10.0.40219.1
Project("{9A19103F-16F7-4668-BE54-9A1E7A4F7556}") = "Foodfeedback", "Foodfeedback\Foodfeedback.csproj", "{2863A4E0-93D0-43E0-9258-FBE7291FEF71}"
EndProject
Project("{FAE04EC0-301F-11D3-BF4B-00C04F79EFBC}") = "FoodFeedbackTest", "FoodFeedbackTest\FoodFeedbackTest.csproj", "{BD8FE79C-8220-4132-A4B6-151AD3FEC7FE}"
EndProject
Global
	GlobalSection(SolutionConfigurationPlatforms) = preSolution
		Debug|Any CPU = Debug|Any CPU
		Release|Any CPU = Release|Any CPU
	EndGlobalSection
	GlobalSection(ProjectConfigurationPlatforms) = postSolution
		{2863A4E0-93D0-43E0-9258-FBE7291FEF71}.Debug|Any CPU.ActiveCfg = Debug|Any CPU
		{2863A4E0-93D0-43E0-9258-FBE7291FEF71}.Debug|Any CPU.Build.0 = Debug|Any CPU
		{2863A4E0-93D0-43E0-9258-FBE7291FEF71}.Release|Any CPU.ActiveCfg = Release|Any CPU
		{2863A4E0-93D0-43E0-9258-FBE7291FEF71}.Release|Any CPU.Build.0 = Release|Any CPU
		{BD8FE79C-8220-4132-A4B6-151AD3FEC7FE}.Debug|Any CPU.ActiveCfg = Debug|Any CPU
		{BD8FE79C-8220-4132-A4B6-151AD3FEC7FE}.Debug|Any CPU.Build.0 = Debug|Any CPU
		{BD8FE79C-8220-4132-A4B6-151AD3FEC7FE}.Release|Any CPU.ActiveCfg = Release|Any CPU
		{BD8FE79C-8220-4132-A4B6-151AD3FEC7FE}.Release|Any CPU.Build.0 = Release|Any CPU
	EndGlobalSection
	GlobalSection(SolutionProperties) = preSolution
		HideSolutionNode = FALSE
	EndGlobalSection
	GlobalSection(ExtensibilityGlobals) = postSolution
		SolutionGuid = {E84BB622-7DBC-45D1-B359-0369091464E4}
	EndGlobalSection
EndGlobal
